
Microsoft Visual Studio Solution File, Format Version 12.00
# Visual Studio 15
VisualStudioVersion = 15.0.28307.852
MinimumVisualStudioVersion = 10.0.40219.1
Project("{FAE04EC0-301F-11D3-BF4B-00C04F79EFBC}") = "Opening_The_Program", "Opening_The_Program\Opening_The_Program.csproj", "{874AF304-E0DF-4676-9916-4901424BBB71}"
EndProject
Global
	GlobalSection(SolutionConfigurationPlatforms) = preSolution
		Debug|Any CPU = Debug|Any CPU
		Release|Any CPU = Release|Any CPU
	EndGlobalSection
	GlobalSection(ProjectConfigurationPlatforms) = postSolution
		{874AF304-E0DF-4676-9916-4901424BBB71}.Debug|Any CPU.ActiveCfg = Debug|Any CPU
		{874AF304-E0DF-4676-9916-4901424BBB71}.Debug|Any CPU.Build.0 = Debug|Any CPU
		{874AF304-E0DF-4676-9916-4901424BBB71}.Release|Any CPU.ActiveCfg = Release|Any CPU
		{874AF304-E0DF-4676-9916-4901424BBB71}.Release|Any CPU.Build.0 = Release|Any CPU
	EndGlobalSection
	GlobalSection(SolutionProperties) = preSolution
		HideSolutionNode = FALSE
	EndGlobalSection
	GlobalSection(ExtensibilityGlobals) = postSolution
		SolutionGuid = {3120A6DA-E864-48D3-9563-276EED67F4F5}
	EndGlobalSection
EndGlobal
